
Microsoft Visual Studio Solution File, Format Version 12.00
# Visual Studio Version 16
VisualStudioVersion = 16.0.30523.141
MinimumVisualStudioVersion = 10.0.40219.1
Project("{FAE04EC0-301F-11D3-BF4B-00C04F79EFBC}") = "Triangle calculator", "Triangle calculator.csproj", "{CDFA6C87-FD87-4C4A-9FF8-734967FCF3F9}"
EndProject
Global
	GlobalSection(SolutionConfigurationPlatforms) = preSolution
		Debug|Any CPU = Debug|Any CPU
		Release|Any CPU = Release|Any CPU
	EndGlobalSection
	GlobalSection(ProjectConfigurationPlatforms) = postSolution
		{CDFA6C87-FD87-4C4A-9FF8-734967FCF3F9}.Debug|Any CPU.ActiveCfg = Debug|Any CPU
		{CDFA6C87-FD87-4C4A-9FF8-734967FCF3F9}.Debug|Any CPU.Build.0 = Debug|Any CPU
		{CDFA6C87-FD87-4C4A-9FF8-734967FCF3F9}.Release|Any CPU.ActiveCfg = Release|Any CPU
		{CDFA6C87-FD87-4C4A-9FF8-734967FCF3F9}.Release|Any CPU.Build.0 = Release|Any CPU
	EndGlobalSection
	GlobalSection(SolutionProperties) = preSolution
		HideSolutionNode = FALSE
	EndGlobalSection
	GlobalSection(ExtensibilityGlobals) = postSolution
		SolutionGuid = {5F0DC429-E70B-43CB-A8D8-B5E12199E073}
	EndGlobalSection
EndGlobal
